Microsoft Visual Studio Solution File, Format Version 12.00
# Visual Studio Version 17
VisualStudioVersion = 17.5.2.0
MinimumVisualStudioVersion = 10.0.40219.1
Project("{FAE04EC0-301F-11D3-BF4B-00C04F79EFBC}") = "MarkdownBlog", "MarkdownBlog\MarkdownBlog.csproj", "{226344BA-E431-226A-A65D-4AB4C653452B}"
EndProject
Global
	GlobalSection(SolutionConfigurationPlatforms) = preSolution
		Debug|Any CPU = Debug|Any CPU
		Release|Any CPU = Release|Any CPU
	EndGlobalSection
	GlobalSection(ProjectConfigurationPlatforms) = postSolution
		{226344BA-E431-226A-A65D-4AB4C653452B}.Debug|Any CPU.ActiveCfg = Debug|Any CPU
		{226344BA-E431-226A-A65D-4AB4C653452B}.Debug|Any CPU.Build.0 = Debug|Any CPU
		{226344BA-E431-226A-A65D-4AB4C653452B}.Release|Any CPU.ActiveCfg = Release|Any CPU
		{226344BA-E431-226A-A65D-4AB4C653452B}.Release|Any CPU.Build.0 = Release|Any CPU
	EndGlobalSection
	GlobalSection(SolutionProperties) = preSolution
		HideSolutionNode = FALSE
	EndGlobalSection
	GlobalSection(ExtensibilityGlobals) = postSolution
		SolutionGuid = {8643EDF2-8C7D-4800-B01C-65E0382B9353}
	EndGlobalSection
EndGlobal
